# THIS IS AN AUTOGENERATED FILE. DO NOT EDIT THIS FILE DIRECTLY.
# yarn lockfile v1


"@soulofmischief/js-utils@^0.4.4":
  version "0.4.4"
  resolved "https://registry.yarnpkg.com/@soulofmischief/js-utils/-/js-utils-0.4.4.tgz#a84c2c64d1cabf2c831b848d9ec82fade256e1c4"
  integrity sha512-lGDG7ZdAt37ErtuwjO1UKGx47zSm7bs78FUkRro9lXwoPRZ/QI3JVWFEm10PLrulO1boqvOU6MN2vOlHia6Kvg==
  dependencies:
    lodash "^4.17.15"

agent-base@^4.3.0:
  version "4.3.0"
  resolved "https://registry.yarnpkg.com/agent-base/-/agent-base-4.3.0.tgz#8165f01c436009bccad0b1d122f05ed770efc6ee"
  integrity sha512-salcGninV0nPrwpGNn4VTXBb1SOuXQBiqbrNXoeizJsHrsL6ERFM2Ne3JUSBWRE6aeNJI2ROP/WEEIDUiDe3cg==
  dependencies:
    es6-promisify "^5.0.0"

argparse@^1.0.7:
  version "1.0.10"
  resolved "https://registry.yarnpkg.com/argparse/-/argparse-1.0.10.tgz#bcd6791ea5ae09725e17e5ad988134cd40b3d911"
  integrity sha512-o5Roy6tNG4SL/FOkCAN6RzjiakZS25RLYFrcMttJqbdd8BWrnA+fGz57iN5Pb06pvBGvl5gQ0B48dJlslXvoTg==
  dependencies:
    sprintf-js "~1.0.2"

argv@^0.0.2:
  version "0.0.2"
  resolved "https://registry.yarnpkg.com/argv/-/argv-0.0.2.tgz#ecbd16f8949b157183711b1bda334f37840185ab"
  integrity sha1-7L0W+JSbFXGDcRsb2jNPN4QBhas=

balanced-match@^1.0.0:
  version "1.0.0"
  resolved "https://registry.yarnpkg.com/balanced-match/-/balanced-match-1.0.0.tgz#89b4d199ab2bee49de164ea02b89ce462d71b767"
  integrity sha1-ibTRmasr7kneFk6gK4nORi1xt2c=

brace-expansion@^1.1.7:
  version "1.1.11"
  resolved "https://registry.yarnpkg.com/brace-expansion/-/brace-expansion-1.1.11.tgz#3c7fcbf529d87226f3d2f52b966ff5271eb441dd"
  integrity sha512-iCuPHDFgrHX7H2vEI/5xpz07zSHB00TpugqhmYtVmMO6518mCuRMoOYFldEBl0g187ufozdaHgWKcYFb61qGiA==
  dependencies:
    balanced-match "^1.0.0"
    concat-map "0.0.1"

codecov@^3.5.0:
  version "3.5.0"
  resolved "https://registry.yarnpkg.com/codecov/-/codecov-3.5.0.tgz#3d0748932f9cb41e1ad7f21fa346ef1b2b1bed47"
  integrity sha512-/OsWOfIHaQIr7aeZ4pY0UC1PZT6kimoKFOFYFNb6wxo3iw12nRrh+mNGH72rnXxNsq6SGfesVPizm/6Q3XqcFQ==
  dependencies:
    argv "^0.0.2"
    ignore-walk "^3.0.1"
    js-yaml "^3.13.1"
    teeny-request "^3.11.3"
    urlgrey "^0.4.4"

concat-map@0.0.1:
  version "0.0.1"
  resolved "https://registry.yarnpkg.com/concat-map/-/concat-map-0.0.1.tgz#d8a96bd77fd68df7793a73036a3ba0d5405d477b"
  integrity sha1-2Klr13/Wjfd5OnMDajug1UBdR3s=

debug@^3.1.0:
  version "3.2.6"
  resolved "https://registry.yarnpkg.com/debug/-/debug-3.2.6.tgz#e83d17de16d8a7efb7717edbe5fb10135eee629b"
  integrity sha512-mel+jf7nrtEl5Pn1Qx46zARXKDpBbvzezse7p7LqINmdoIk8PYP5SySaxEmYv6TZ0JyEKA1hsCId6DIhgITtWQ==
  dependencies:
    ms "^2.1.1"

es6-promise@^4.0.3:
  version "4.2.8"
  resolved "https://registry.yarnpkg.com/es6-promise/-/es6-promise-4.2.8.tgz#4eb21594c972bc40553d276e510539143db53e0a"
  integrity sha512-HJDGx5daxeIvxdBxvG2cb9g4tEvwIk3i8+nhX0yGrYmZUzbkdg8QbDevheDB8gd0//uPj4c1EQua8Q+MViT0/w==

es6-promisify@^5.0.0:
  version "5.0.0"
  resolved "https://registry.yarnpkg.com/es6-promisify/-/es6-promisify-5.0.0.tgz#5109d62f3e56ea967c4b63505aef08291c8a5203"
  integrity sha1-UQnWLz5W6pZ8S2NQWu8IKRyKUgM=
  dependencies:
    es6-promise "^4.0.3"

esprima@^4.0.0:
  version "4.0.1"
  resolved "https://registry.yarnpkg.com/esprima/-/esprima-4.0.1.tgz#13b04cdb3e6c5d19df91ab6987a8695619b0aa71"
  integrity sha512-eGuFFw7Upda+g4p+QHvnW0RyTX/SVeJBDM/gCtMARO0cLuT2HcEKnTPvhjV6aGeqrCB/sbNop0Kszm0jsaWU4A==

fs.realpath@^1.0.0:
  version "1.0.0"
  resolved "https://registry.yarnpkg.com/fs.realpath/-/fs.realpath-1.0.0.tgz#1504ad2523158caa40db4a2787cb01411994ea4f"
  integrity sha1-FQStJSMVjKpA20onh8sBQRmU6k8=

glob@^7.1.3:
  version "7.1.4"
  resolved "https://registry.yarnpkg.com/glob/-/glob-7.1.4.tgz#aa608a2f6c577ad357e1ae5a5c26d9a8d1969255"
  integrity sha512-hkLPepehmnKk41pUGm3sYxoFs/umurYfYJCerbXEyFIWcAzvpipAgVkBqqT9RBKMGjnq6kMuyYwha6csxbiM1A==
  dependencies:
    fs.realpath "^1.0.0"
    inflight "^1.0.4"
    inherits "2"
    minimatch "^3.0.4"
    once "^1.3.0"
    path-is-absolute "^1.0.0"

https-proxy-agent@^2.2.1:
  version "2.2.2"
  resolved "https://registry.yarnpkg.com/https-proxy-agent/-/https-proxy-agent-2.2.2.tgz#271ea8e90f836ac9f119daccd39c19ff7dfb0793"
  integrity sha512-c8Ndjc9Bkpfx/vCJueCPy0jlP4ccCCSNDp8xwCZzPjKJUm+B+u9WX2x98Qx4n1PiMNTWo3D7KK5ifNV/yJyRzg==
  dependencies:
    agent-base "^4.3.0"
    debug "^3.1.0"

ignore-walk@^3.0.1:
  version "3.0.2"
  resolved "https://registry.yarnpkg.com/ignore-walk/-/ignore-walk-3.0.2.tgz#99d83a246c196ea5c93ef9315ad7b0819c35069b"
  integrity sha512-EXyErtpHbn75ZTsOADsfx6J/FPo6/5cjev46PXrcTpd8z3BoRkXgYu9/JVqrI7tusjmwCZutGeRJeU0Wo1e4Cw==
  dependencies:
    minimatch "^3.0.4"

inflight@^1.0.4:
  version "1.0.6"
  resolved "https://registry.yarnpkg.com/inflight/-/inflight-1.0.6.tgz#49bd6331d7d02d0c09bc910a1075ba8165b56df9"
  integrity sha1-Sb1jMdfQLQwJvJEKEHW6gWW1bfk=
  dependencies:
    once "^1.3.0"
    wrappy "1"

inherits@2:
  version "2.0.4"
  resolved "https://registry.yarnpkg.com/inherits/-/inherits-2.0.4.tgz#0fa2c64f932917c3433a0ded55363aae37416b7c"
  integrity sha512-k/vGaX4/Yla3WzyMCvTQOXYeIHvqOKtnqBduzTHpzpQZzAskKMhZ2K+EnBiSM9zGSoIFeMpXKxa4dYeZIQqewQ==

js-yaml@^3.13.1:
  version "3.13.1"
  resolved "https://registry.yarnpkg.com/js-yaml/-/js-yaml-3.13.1.tgz#aff151b30bfdfa8e49e05da22e7415e9dfa37847"
  integrity sha512-YfbcO7jXDdyj0DGxYVSlSeQNHbD7XPWvrVWeVUujrQEoZzWJIRrCPoyk6kL6IAjAG2IolMK4T0hNUe0HOUs5Jw==
  dependencies:
    argparse "^1.0.7"
    esprima "^4.0.0"

libmq@^0.1.5:
  version "0.1.5"
  resolved "https://registry.yarnpkg.com/libmq/-/libmq-0.1.5.tgz#1ab59444dac07aa0aa6b2c7ecfa1adb33aba3312"
  integrity sha512-32n8YbTfk/hv7C/WrFqNeIhhjefKrNaVcYcAP7Z1xcEpV9pGHQ/+3VuIfjSyOfCAfomf3G9AJ/Rk+lBLqQxOpg==

lodash@^4.17.15:
  version "4.17.15"
  resolved "https://registry.yarnpkg.com/lodash/-/lodash-4.17.15.tgz#b447f6670a0455bbfeedd11392eff330ea097548"
  integrity sha512-8xOcRHvCjnocdS5cpwXQXVzmmh5e5+saE2QGoeQmbKmRS6J3VQppPOIt0MnmE+4xlZoumy0GPG0D0MVIQbNA1A==

minimatch@^3.0.4:
  version "3.0.4"
  resolved "https://registry.yarnpkg.com/minimatch/-/minimatch-3.0.4.tgz#5166e286457f03306064be5497e8dbb0c3d32083"
  integrity sha512-yJHVQEhyqPLUTgt9B83PXu6W3rx4MvvHvSUvToogpwoGDOUQ+yDrR0HRot+yOCdCO7u4hX3pWft6kWBBcqh0UA==
  dependencies:
    brace-expansion "^1.1.7"

mithril-node-render@^2.3.2:
  version "2.3.2"
  resolved "https://registry.yarnpkg.com/mithril-node-render/-/mithril-node-render-2.3.2.tgz#f635b438aaaaca6b8b6cd419ba907739e948cf91"
  integrity sha512-xZf2WY/ETsi7BH9iI6Ba5cA267emyg8Cz3VpD8HzpBjSqRNJv4XvkasPu3UQLQk6J5FHQKPakTTEK50zfjBipA==

mithril@^2.0.4:
  version "2.0.4"
  resolved "https://registry.yarnpkg.com/mithril/-/mithril-2.0.4.tgz#d125969d992b924c7185d24ff92d997e5c00116b"
  integrity sha512-mgw+DMZlhMS4PpprF6dl7ZoeZq5GGcAuWnrg5e12MvaGauc4jzWsDZtVGRCktsiQczOEUr2K5teKbE5k44RlOg==

ms@^2.1.1:
  version "2.1.2"
  resolved "https://registry.yarnpkg.com/ms/-/ms-2.1.2.tgz#d09d1f357b443f493382a8eb3ccd183872ae6009"
  integrity sha512-sGkPx+VjMtmA6MX27oA4FBFELFCZZ4S4XqeGOXCv68tT+jb3vk/RyaKWP0PTKyWtmLSM0b+adUTEvbs1PEaH2w==

node-fetch@^2.2.0:
  version "2.6.1"
  resolved "https://registry.yarnpkg.com/node-fetch/-/node-fetch-2.6.1.tgz#045bd323631f76ed2e2b55573394416b639a0052"
  integrity sha512-V4aYg89jEoVRxRb2fJdAg8FHvI7cEyYdVAh94HH0UIK8oJxUfkjlDQN9RbMx+bEjP7+ggMiFRprSti032Oipxw==

once@^1.3.0:
  version "1.4.0"
  resolved "https://registry.yarnpkg.com/once/-/once-1.4.0.tgz#583b1aa775961d4b113ac17d9c50baef9dd76bd1"
  integrity sha1-WDsap3WWHUsROsF9nFC6753Xa9E=
  dependencies:
    wrappy "1"

ospec@^4.0.1:
  version "4.0.1"
  resolved "https://registry.yarnpkg.com/ospec/-/ospec-4.0.1.tgz#175c225bda63c464be1eea6b0cfa563d4c8d2a20"
  integrity sha512-iHx5jkuXh/hU4eEFFf6FH/4vj5RH7041jhuJw7WnqIPHDJgEXkSBdmuD644I/qQm8s5aZEPOpSoVagGCr8ebag==
  dependencies:
    glob "^7.1.3"

path-is-absolute@^1.0.0:
  version "1.0.1"
  resolved "https://registry.yarnpkg.com/path-is-absolute/-/path-is-absolute-1.0.1.tgz#174b9268735534ffbc7ace6bf53a5a9e1b5c5f5f"
  integrity sha1-F0uSaHNVNP+8es5r9TpanhtcX18=

sprintf-js@~1.0.2:
  version "1.0.3"
  resolved "https://registry.yarnpkg.com/sprintf-js/-/sprintf-js-1.0.3.tgz#04e6926f662895354f3dd015203633b857297e2c"
  integrity sha1-BOaSb2YolTVPPdAVIDYzuFcpfiw=

teeny-request@^3.11.3:
  version "3.11.3"
  resolved "https://registry.yarnpkg.com/teeny-request/-/teeny-request-3.11.3.tgz#335c629f7645e5d6599362df2f3230c4cbc23a55"
  integrity sha512-CKncqSF7sH6p4rzCgkb/z/Pcos5efl0DmolzvlqRQUNcpRIruOhY9+T1FsIlyEbfWd7MsFpodROOwHYh2BaXzw==
  dependencies:
    https-proxy-agent "^2.2.1"
    node-fetch "^2.2.0"
    uuid "^3.3.2"

urlgrey@^0.4.4:
  version "0.4.4"
  resolved "https://registry.yarnpkg.com/urlgrey/-/urlgrey-0.4.4.tgz#892fe95960805e85519f1cd4389f2cb4cbb7652f"
  integrity sha1-iS/pWWCAXoVRnxzUOJ8stMu3ZS8=

uuid@^3.3.2:
  version "3.3.3"
  resolved "https://registry.yarnpkg.com/uuid/-/uuid-3.3.3.tgz#4568f0216e78760ee1dbf3a4d2cf53e224112866"
  integrity sha512-pW0No1RGHgzlpHJO1nsVrHKpOEIxkGg1xB+v0ZmdNH5OAeAwzAVrCnI2/6Mtx+Uys6iaylxa+D3g4j63IKKjSQ==

wrappy@1:
  version "1.0.2"
  resolved "https://registry.yarnpkg.com/wrappy/-/wrappy-1.0.2.tgz#b5243d8f3ec1aa35f1364605bc0d1036e30ab69f"
  integrity sha1-tSQ9jz7BqjXxNkYFvA0QNuMKtp8=
